
Microsoft Visual Studio Solution File, Format Version 12.00
# Visual Studio Version 17
VisualStudioVersion = 17.11.35327.3
MinimumVisualStudioVersion = 10.0.40219.1
Project("{9A19103F-16F7-4668-BE54-9A1E7A4F7556}") = "G4.Services.Domain.V4", "G4.Services.Domain.V4\G4.Services.Domain.V4.csproj", "{C9ED73C8-B990-4D19-AAB9-ADA1B08310DB}"
EndProject
Project("{9A19103F-16F7-4668-BE54-9A1E7A4F7556}") = "G4.Services.Hub.Api.V4", "G4.Services.Hub.Api.V4\G4.Services.Hub.Api.V4.csproj", "{985D9BF9-F3F5-45B9-B2C6-98365B527534}"
EndProject
Project("{9A19103F-16F7-4668-BE54-9A1E7A4F7556}") = "G4.Services.Hub", "G4.Services.Hub\G4.Services.Hub.csproj", "{B98A339C-1C0A-45ED-9D84-B7680C039694}"
EndProject
Project("{9A19103F-16F7-4668-BE54-9A1E7A4F7556}") = "G4.Services.Worker", "G4.Services.Worker\G4.Services.Worker.csproj", "{1980CFBF-103F-42F4-9F9A-5F41DAD1222A}"
EndProject
Project("{2150E333-8FDC-42A3-9474-1A3956D46DE8}") = ".postman", ".postman", "{1B1162D0-56E0-450C-BB3F-424E286F221C}"
	ProjectSection(SolutionItems) = preProject
		..\postman\G4.Services.json = ..\postman\G4.Services.json
	EndProjectSection
EndProject
Project("{2150E333-8FDC-42A3-9474-1A3956D46DE8}") = ".scripts", ".scripts", "{07989B88-3361-4C60-BAF8-2EFBD14AE9B8}"
	ProjectSection(SolutionItems) = preProject
		..\scripts\Install-Packages.ps1 = ..\scripts\Install-Packages.ps1
		..\scripts\Install-Sandbox.ps1 = ..\scripts\Install-Sandbox.ps1
	EndProjectSection
EndProject
Project("{2150E333-8FDC-42A3-9474-1A3956D46DE8}") = ".docker", ".docker", "{B3C6288C-2599-4979-AC63-9ECA9E40B5C0}"
	ProjectSection(SolutionItems) = preProject
		..\docker\G4.Services.Hub.Dockerfile = ..\docker\G4.Services.Hub.Dockerfile
		..\docker\G4.Services.Worker.Dockerfile = ..\docker\G4.Services.Worker.Dockerfile
	EndProjectSection
EndProject
Project("{2150E333-8FDC-42A3-9474-1A3956D46DE8}") = ".http", ".http", "{1CE7F435-0C06-4D82-8F41-7C51B8223F64}"
	ProjectSection(SolutionItems) = preProject
		..\http\G4.Services.Hub.http = ..\http\G4.Services.Hub.http
		..\http\G4.Services.Worker.http = ..\http\G4.Services.Worker.http
	EndProjectSection
EndProject
Project("{2150E333-8FDC-42A3-9474-1A3956D46DE8}") = ".git", ".git", "{8A2B7547-97A2-4239-815F-D0A3903345F4}"
	ProjectSection(SolutionItems) = preProject
		..\.gitignore = ..\.gitignore
		..\LICENSE = ..\LICENSE
		..\README.md = ..\README.md
	EndProjectSection
EndProject
Project("{2150E333-8FDC-42A3-9474-1A3956D46DE8}") = ".github", ".github", "{0EA03ECD-EAEC-4BD5-8E8C-CAAA67408AD8}"
	ProjectSection(SolutionItems) = preProject
		..\.github\workflows\release-pipline.yml = ..\.github\workflows\release-pipline.yml
	EndProjectSection
EndProject
Project("{FAE04EC0-301F-11D3-BF4B-00C04F79EFBC}") = "G4.Settings", "G4.Settings\G4.Settings.csproj", "{5F431101-6CE5-4F84-9EDD-44FCF528C51D}"
EndProject
Project("{FAE04EC0-301F-11D3-BF4B-00C04F79EFBC}") = "G4.Services.Mcp", "G4.Services.Mcp\G4.Services.Mcp.csproj", "{1944569D-55BD-4C1A-B26F-44238618F1DA}"
EndProject
Global
	GlobalSection(SolutionConfigurationPlatforms) = preSolution
		Debug|Any CPU = Debug|Any CPU
		Release|Any CPU = Release|Any CPU
	EndGlobalSection
	GlobalSection(ProjectConfigurationPlatforms) = postSolution
		{C9ED73C8-B990-4D19-AAB9-ADA1B08310DB}.Debug|Any CPU.ActiveCfg = Debug|Any CPU
		{C9ED73C8-B990-4D19-AAB9-ADA1B08310DB}.Debug|Any CPU.Build.0 = Debug|Any CPU
		{C9ED73C8-B990-4D19-AAB9-ADA1B08310DB}.Release|Any CPU.ActiveCfg = Release|Any CPU
		{C9ED73C8-B990-4D19-AAB9-ADA1B08310DB}.Release|Any CPU.Build.0 = Release|Any CPU
		{985D9BF9-F3F5-45B9-B2C6-98365B527534}.Debug|Any CPU.ActiveCfg = Debug|Any CPU
		{985D9BF9-F3F5-45B9-B2C6-98365B527534}.Debug|Any CPU.Build.0 = Debug|Any CPU
		{985D9BF9-F3F5-45B9-B2C6-98365B527534}.Release|Any CPU.ActiveCfg = Release|Any CPU
		{985D9BF9-F3F5-45B9-B2C6-98365B527534}.Release|Any CPU.Build.0 = Release|Any CPU
		{B98A339C-1C0A-45ED-9D84-B7680C039694}.Debug|Any CPU.ActiveCfg = Debug|Any CPU
		{B98A339C-1C0A-45ED-9D84-B7680C039694}.Debug|Any CPU.Build.0 = Debug|Any CPU
		{B98A339C-1C0A-45ED-9D84-B7680C039694}.Release|Any CPU.ActiveCfg = Release|Any CPU
		{B98A339C-1C0A-45ED-9D84-B7680C039694}.Release|Any CPU.Build.0 = Release|Any CPU
		{1980CFBF-103F-42F4-9F9A-5F41DAD1222A}.Debug|Any CPU.ActiveCfg = Debug|Any CPU
		{1980CFBF-103F-42F4-9F9A-5F41DAD1222A}.Debug|Any CPU.Build.0 = Debug|Any CPU
		{1980CFBF-103F-42F4-9F9A-5F41DAD1222A}.Release|Any CPU.ActiveCfg = Release|Any CPU
		{1980CFBF-103F-42F4-9F9A-5F41DAD1222A}.Release|Any CPU.Build.0 = Release|Any CPU
		{5F431101-6CE5-4F84-9EDD-44FCF528C51D}.Debug|Any CPU.ActiveCfg = Debug|Any CPU
		{5F431101-6CE5-4F84-9EDD-44FCF528C51D}.Debug|Any CPU.Build.0 = Debug|Any CPU
		{5F431101-6CE5-4F84-9EDD-44FCF528C51D}.Release|Any CPU.ActiveCfg = Release|Any CPU
		{5F431101-6CE5-4F84-9EDD-44FCF528C51D}.Release|Any CPU.Build.0 = Release|Any CPU
		{1944569D-55BD-4C1A-B26F-44238618F1DA}.Debug|Any CPU.ActiveCfg = Debug|Any CPU
		{1944569D-55BD-4C1A-B26F-44238618F1DA}.Debug|Any CPU.Build.0 = Debug|Any CPU
		{1944569D-55BD-4C1A-B26F-44238618F1DA}.Release|Any CPU.ActiveCfg = Release|Any CPU
		{1944569D-55BD-4C1A-B26F-44238618F1DA}.Release|Any CPU.Build.0 = Release|Any CPU
	EndGlobalSection
	GlobalSection(SolutionProperties) = preSolution
		HideSolutionNode = FALSE
	EndGlobalSection
	GlobalSection(ExtensibilityGlobals) = postSolution
		SolutionGuid = {B5F0922B-9A4A-4177-AD46-A482EE76AB22}
	EndGlobalSection
EndGlobal
